
Microsoft Visual Studio Solution File, Format Version 12.00
# Visual Studio Version 16
VisualStudioVersion = 16.0.31624.102
MinimumVisualStudioVersion = 10.0.40219.1
Project("{FAE04EC0-301F-11D3-BF4B-00C04F79EFBC}") = "RymesTest", "RymesTest\RymesTest.csproj", "{0E0AB2F0-9917-4780-9F81-AE60E48F03D5}"
EndProject
Global
	GlobalSection(SolutionConfigurationPlatforms) = preSolution
		Debug|Any CPU = Debug|Any CPU
		Release|Any CPU = Release|Any CPU
	EndGlobalSection
	GlobalSection(ProjectConfigurationPlatforms) = postSolution
		{0E0AB2F0-9917-4780-9F81-AE60E48F03D5}.Debug|Any CPU.ActiveCfg = Debug|Any CPU
		{0E0AB2F0-9917-4780-9F81-AE60E48F03D5}.Debug|Any CPU.Build.0 = Debug|Any CPU
		{0E0AB2F0-9917-4780-9F81-AE60E48F03D5}.Release|Any CPU.ActiveCfg = Release|Any CPU
		{0E0AB2F0-9917-4780-9F81-AE60E48F03D5}.Release|Any CPU.Build.0 = Release|Any CPU
	EndGlobalSection
	GlobalSection(SolutionProperties) = preSolution
		HideSolutionNode = FALSE
	EndGlobalSection
	GlobalSection(ExtensibilityGlobals) = postSolution
		SolutionGuid = {C5BC5B27-E08D-4851-A576-B4A240DDF694}
	EndGlobalSection
EndGlobal
